
Microsoft Visual Studio Solution File, Format Version 12.00
# Visual Studio 2012
Project("{FAE04EC0-301F-11D3-BF4B-00C04F79EFBC}") = "dacloi", "dacloi\dacloi.csproj", "{AF9CABA2-1118-4E47-B41C-C413945AA245}"
EndProject
Global
	GlobalSection(SolutionConfigurationPlatforms) = preSolution
		Debug|Any CPU = Debug|Any CPU
		Release|Any CPU = Release|Any CPU
	EndGlobalSection
	GlobalSection(ProjectConfigurationPlatforms) = postSolution
		{AF9CABA2-1118-4E47-B41C-C413945AA245}.Debug|Any CPU.ActiveCfg = Debug|Any CPU
		{AF9CABA2-1118-4E47-B41C-C413945AA245}.Debug|Any CPU.Build.0 = Debug|Any CPU
		{AF9CABA2-1118-4E47-B41C-C413945AA245}.Release|Any CPU.ActiveCfg = Release|Any CPU
		{AF9CABA2-1118-4E47-B41C-C413945AA245}.Release|Any CPU.Build.0 = Release|Any CPU
	EndGlobalSection
	GlobalSection(SolutionProperties) = preSolution
		HideSolutionNode = FALSE
	EndGlobalSection
	GlobalSection(ExtensibilityGlobals) = postSolution
		SolutionGuid = {04F3D54A-6878-4B33-BC40-74BF79646A50}
	EndGlobalSection
EndGlobal
